{
    "_meta": {
        "hash": {
            "sha256": "94c3e8d8747ea1355bfe49a0e44a130096ed0635be8d3498acb58ba07557a2c0"
        },
        "pipfile-spec": 6,
        "requires": {
            "python_version": "3.7"
        },
        "sources": [
            {
                "name": "pypi",
                "url": "https://pypi.org/simple",
                "verify_ssl": true
            }
        ]
    },
    "default": {
        "certifi": {
            "hashes": [
                "sha256:47f9c83ef4c0c621eaef743f133f09fa8a74a9b75f037e8624f83bd1b6626cb7",
                "sha256:993f830721089fef441cdfeb4b2c8c9df86f0c63239f06bd025a76a7daddb033"
            ],
            "version": "==2018.11.29"
        },
        "chardet": {
            "hashes": [
                "sha256:84ab92ed1c4d4f16916e05906b6b75a6c0fb5db821cc65e70cbd64a3e2a5eaae",
                "sha256:fc323ffcaeaed0e0a02bf4d117757b98aed530d9ed4531e3e15460124c106691"
            ],
            "version": "==3.0.4"
        },
        "dill": {
            "hashes": [
                "sha256:f6d6046f9f9195206063dd0415dff185ad593d6ee8b0e67f12597c0f4df4986f"
            ],
            "version": "==0.2.9"
        },
        "idna": {
            "hashes": [
                "sha256:c357b3f628cf53ae2c4c05627ecc484553142ca23264e593d327bcde5e9c3407",
                "sha256:ea8b7f6188e6fa117537c3df7da9fc686d485087abf6ac197f9c46432f7e4a3c"
            ],
            "version": "==2.8"
        },
        "multiprocess": {
            "hashes": [
                "sha256:069f8b63f296af2801fc4c616cb737f2b457e145daa83a460147502eb7f7aa0f",
                "sha256:08e00b3943e25d26e83ac1eb92c25be30fe2e353b73ef9f685a4c15efbf6641b",
                "sha256:27ffc0f3b15e9321b3b46182f1b552c147b82ab3101079d2c2e6f1ee67b7d118",
                "sha256:292995b5a4272350e31c4fc42b2d9fd13ffe091712858e767ab68d0ba06acaa7",
                "sha256:46479a327388df8e77ad268892f2e73eac06d6271189b868ce9d4f95474e58e3",
                "sha256:6d3117199432e7ce36103950a37980f142e11e09eb9b2415b6c6cbb1da1642d2",
                "sha256:f2630920fef3b3224312b315ccd26a87c0dd2c9df3288d24d04398563985847d",
                "sha256:f679b203a6b1766b978f579e361a96182e17e86fc8843fac5e865568d2e11d22",
                "sha256:fc0f82033e9e294bc3463257e1d6399da737d65c6412e6efde40228339ad0e1e"
            ],
            "version": "==0.70.7"
        },
        "pathos": {
            "hashes": [
                "sha256:954c5b0a8b257c375e35d311c65fa62a210a3d65269195557de38418ac9f61f9"
            ],
            "index": "pypi",
            "version": "==0.2.3"
        },
        "peewee": {
            "hashes": [
                "sha256:7f8e3f512ee0d4e2d9c2008ea446d69e23c9535466367b991d452825a1ddb654"
            ],
            "index": "pypi",
            "version": "==3.8.2"
        },
        "pox": {
            "hashes": [
                "sha256:2b53fbdf02596240483dc2cb94f94cc21252ad1b1858c7b1c151afeec9022cc8"
            ],
            "version": "==0.2.5"
        },
        "ppft": {
            "hashes": [
                "sha256:5537b00afb7b247da0f59cc57ee5680178be61c8b2e21b5a0672b70a3d247791"
            ],
            "version": "==1.6.4.9"
        },
        "requests": {
            "hashes": [
                "sha256:502a824f31acdacb3a35b6690b5fbf0bc41d63a24a45c4004352b0242707598e",
                "sha256:7bf2a778576d825600030a110f3c0e3e8edc51dfaafe1c146e39a2027784957b"
            ],
            "index": "pypi",
            "version": "==2.21.0"
        },
        "six": {
            "hashes": [
                "sha256:3350809f0555b11f552448330d0b52d5f24c91a322ea4a15ef22629740f3761c",
                "sha256:d16a0141ec1a18405cd4ce8b4613101da75da0e9a7aec5bdd4fa804d0e0eba73"
            ],
            "version": "==1.12.0"
        },
        "urllib3": {
            "hashes": [
                "sha256:61bf29cada3fc2fbefad4fdf059ea4bd1b4a86d2b6d15e1c7c0b582b9752fe39",
                "sha256:de9529817c93f27c8ccbfead6985011db27bd0ddfcdb2d86f3f663385c6a9c22"
            ],
            "version": "==1.24.1"
        }
    },
    "develop": {}
}
